
Microsoft Visual Studio Solution File, Format Version 12.00
# Visual Studio Version 16
VisualStudioVersion = 16.0.30804.86
MinimumVisualStudioVersion = 10.0.40219.1
Project("{FAE04EC0-301F-11D3-BF4B-00C04F79EFBC}") = "Shop", "Shop\Shop.csproj", "{23444419-9809-4915-8227-D3F30BE35AEC}"
EndProject
Global
	GlobalSection(SolutionConfigurationPlatforms) = preSolution
		Debug|Any CPU = Debug|Any CPU
		Release|Any CPU = Release|Any CPU
	EndGlobalSection
	GlobalSection(ProjectConfigurationPlatforms) = postSolution
		{23444419-9809-4915-8227-D3F30BE35AEC}.Debug|Any CPU.ActiveCfg = Debug|Any CPU
		{23444419-9809-4915-8227-D3F30BE35AEC}.Debug|Any CPU.Build.0 = Debug|Any CPU
		{23444419-9809-4915-8227-D3F30BE35AEC}.Release|Any CPU.ActiveCfg = Release|Any CPU
		{23444419-9809-4915-8227-D3F30BE35AEC}.Release|Any CPU.Build.0 = Release|Any CPU
	EndGlobalSection
	GlobalSection(SolutionProperties) = preSolution
		HideSolutionNode = FALSE
	EndGlobalSection
	GlobalSection(ExtensibilityGlobals) = postSolution
		SolutionGuid = {528D2D50-EA01-4527-9629-B22EDBDEA266}
	EndGlobalSection
EndGlobal
